
Microsoft Visual Studio Solution File, Format Version 12.00
# Visual Studio Version 16
VisualStudioVersion = 16.0.30204.135
MinimumVisualStudioVersion = 10.0.40219.1
Project("{FAE04EC0-301F-11D3-BF4B-00C04F79EFBC}") = "d01", "d01\d01.csproj", "{782C8136-DE31-4F4C-9F0E-67D9FE979264}"
EndProject
Project("{FAE04EC0-301F-11D3-BF4B-00C04F79EFBC}") = "d02", "d02\d02.csproj", "{9EBF8275-BE25-4E70-95EC-94C534B62D53}"
EndProject
Project("{FAE04EC0-301F-11D3-BF4B-00C04F79EFBC}") = "d03", "d03\d03.csproj", "{F204D249-7983-481E-89D9-4F8962E58E50}"
EndProject
Project("{FAE04EC0-301F-11D3-BF4B-00C04F79EFBC}") = "d04", "d04\d04.csproj", "{AB4F523C-3FF0-4235-B9D7-E53C3B3A3C13}"
EndProject
Project("{FAE04EC0-301F-11D3-BF4B-00C04F79EFBC}") = "d05_delegate", "d05\d05_delegate.csproj", "{37777A1E-D2BD-4159-9C3D-E9A0674734C6}"
EndProject
Project("{FAE04EC0-301F-11D3-BF4B-00C04F79EFBC}") = "d05_event", "d05_event\d05_event.csproj", "{49A85E48-4143-4D78-843E-EE1B1DDFB49A}"
EndProject
Project("{FAE04EC0-301F-11D3-BF4B-00C04F79EFBC}") = "As4", "Banking\As4.csproj", "{38A5B4E0-AECD-47CE-AC76-6707FCB90F7E}"
EndProject
Project("{FAE04EC0-301F-11D3-BF4B-00C04F79EFBC}") = "d06_generics", "d06_generics\d06_generics.csproj", "{A9AFF0F6-31F6-420E-BDAD-01E9B7E34783}"
EndProject
Project("{FAE04EC0-301F-11D3-BF4B-00C04F79EFBC}") = "d06_Iterator", "d06_Iterator\d06_Iterator.csproj", "{544035F6-0626-40AA-93A8-DF73E48725C8}"
EndProject
Project("{FAE04EC0-301F-11D3-BF4B-00C04F79EFBC}") = "d06_AdvMethod", "d06_AdvMethod\d06_AdvMethod.csproj", "{51F9E8A2-5820-488F-989D-38F44FF62877}"
EndProject
Project("{FAE04EC0-301F-11D3-BF4B-00C04F79EFBC}") = "As2", "As2\As2.csproj", "{FAC8250C-E453-4DFA-B521-FA8CB3BC9E31}"
EndProject
Project("{FAE04EC0-301F-11D3-BF4B-00C04F79EFBC}") = "d07_Adv", "d07_Adv\d07_Adv.csproj", "{F22D3BD6-A7C5-4EA7-ABDD-C6F55E8EA61A}"
EndProject
Project("{FAE04EC0-301F-11D3-BF4B-00C04F79EFBC}") = "As3", "As3\As3.csproj", "{76902E2D-C742-474D-A2F4-C62D3FF5FD50}"
EndProject
Project("{FAE04EC0-301F-11D3-BF4B-00C04F79EFBC}") = "As5", "As5\As5.csproj", "{A95F8D13-FC71-47D2-9EBD-AB57619561A8}"
EndProject
Project("{FAE04EC0-301F-11D3-BF4B-00C04F79EFBC}") = "As6", "As6\As6.csproj", "{DA1CA0E4-F727-4E70-926B-71374C5B9534}"
EndProject
Project("{FAE04EC0-301F-11D3-BF4B-00C04F79EFBC}") = "d08_c7", "d08_c7\d08_c7.csproj", "{E1DC3EBE-CEC4-442F-BC83-5DAA7B63C15F}"
EndProject
Project("{9A19103F-16F7-4668-BE54-9A1E7A4F7556}") = "d08_core", "d08_core\d08_core.csproj", "{1623DB86-51BB-4121-9123-FA11DE29D3E0}"
EndProject
Project("{FAE04EC0-301F-11D3-BF4B-00C04F79EFBC}") = "As10", "As10\As10.csproj", "{EE88D7E4-C41B-4D50-B06D-D4CD57E19EA7}"
EndProject
Project("{FAE04EC0-301F-11D3-BF4B-00C04F79EFBC}") = "As9", "As9\As9.csproj", "{5CD99B6E-1A01-4F83-ABF4-B820821790C7}"
EndProject
Project("{FAE04EC0-301F-11D3-BF4B-00C04F79EFBC}") = "As8", "As8\As8.csproj", "{2A1E103D-7F67-4AD6-985A-FD9659EA0FE9}"
EndProject
Project("{FAE04EC0-301F-11D3-BF4B-00C04F79EFBC}") = "ThienKim_Student1218312", "ThienKim_Student1218312\ThienKim_Student1218312.csproj", "{A001DE2E-D51B-478D-94D4-6261AFBBFBF5}"
EndProject
Global
	GlobalSection(SolutionConfigurationPlatforms) = preSolution
		Debug|Any CPU = Debug|Any CPU
		Release|Any CPU = Release|Any CPU
	EndGlobalSection
	GlobalSection(ProjectConfigurationPlatforms) = postSolution
		{782C8136-DE31-4F4C-9F0E-67D9FE979264}.Debug|Any CPU.ActiveCfg = Debug|Any CPU
		{782C8136-DE31-4F4C-9F0E-67D9FE979264}.Debug|Any CPU.Build.0 = Debug|Any CPU
		{782C8136-DE31-4F4C-9F0E-67D9FE979264}.Release|Any CPU.ActiveCfg = Release|Any CPU
		{782C8136-DE31-4F4C-9F0E-67D9FE979264}.Release|Any CPU.Build.0 = Release|Any CPU
		{9EBF8275-BE25-4E70-95EC-94C534B62D53}.Debug|Any CPU.ActiveCfg = Debug|Any CPU
		{9EBF8275-BE25-4E70-95EC-94C534B62D53}.Debug|Any CPU.Build.0 = Debug|Any CPU
		{9EBF8275-BE25-4E70-95EC-94C534B62D53}.Release|Any CPU.ActiveCfg = Release|Any CPU
		{9EBF8275-BE25-4E70-95EC-94C534B62D53}.Release|Any CPU.Build.0 = Release|Any CPU
		{F204D249-7983-481E-89D9-4F8962E58E50}.Debug|Any CPU.ActiveCfg = Debug|Any CPU
		{F204D249-7983-481E-89D9-4F8962E58E50}.Debug|Any CPU.Build.0 = Debug|Any CPU
		{F204D249-7983-481E-89D9-4F8962E58E50}.Release|Any CPU.ActiveCfg = Release|Any CPU
		{F204D249-7983-481E-89D9-4F8962E58E50}.Release|Any CPU.Build.0 = Release|Any CPU
		{AB4F523C-3FF0-4235-B9D7-E53C3B3A3C13}.Debug|Any CPU.ActiveCfg = Debug|Any CPU
		{AB4F523C-3FF0-4235-B9D7-E53C3B3A3C13}.Debug|Any CPU.Build.0 = Debug|Any CPU
		{AB4F523C-3FF0-4235-B9D7-E53C3B3A3C13}.Release|Any CPU.ActiveCfg = Release|Any CPU
		{AB4F523C-3FF0-4235-B9D7-E53C3B3A3C13}.Release|Any CPU.Build.0 = Release|Any CPU
		{37777A1E-D2BD-4159-9C3D-E9A0674734C6}.Debug|Any CPU.ActiveCfg = Debug|Any CPU
		{37777A1E-D2BD-4159-9C3D-E9A0674734C6}.Debug|Any CPU.Build.0 = Debug|Any CPU
		{37777A1E-D2BD-4159-9C3D-E9A0674734C6}.Release|Any CPU.ActiveCfg = Release|Any CPU
		{37777A1E-D2BD-4159-9C3D-E9A0674734C6}.Release|Any CPU.Build.0 = Release|Any CPU
		{49A85E48-4143-4D78-843E-EE1B1DDFB49A}.Debug|Any CPU.ActiveCfg = Debug|Any CPU
		{49A85E48-4143-4D78-843E-EE1B1DDFB49A}.Debug|Any CPU.Build.0 = Debug|Any CPU
		{49A85E48-4143-4D78-843E-EE1B1DDFB49A}.Release|Any CPU.ActiveCfg = Release|Any CPU
		{49A85E48-4143-4D78-843E-EE1B1DDFB49A}.Release|Any CPU.Build.0 = Release|Any CPU
		{38A5B4E0-AECD-47CE-AC76-6707FCB90F7E}.Debug|Any CPU.ActiveCfg = Debug|Any CPU
		{38A5B4E0-AECD-47CE-AC76-6707FCB90F7E}.Debug|Any CPU.Build.0 = Debug|Any CPU
		{38A5B4E0-AECD-47CE-AC76-6707FCB90F7E}.Release|Any CPU.ActiveCfg = Release|Any CPU
		{38A5B4E0-AECD-47CE-AC76-6707FCB90F7E}.Release|Any CPU.Build.0 = Release|Any CPU
		{A9AFF0F6-31F6-420E-BDAD-01E9B7E34783}.Debug|Any CPU.ActiveCfg = Debug|Any CPU
		{A9AFF0F6-31F6-420E-BDAD-01E9B7E34783}.Debug|Any CPU.Build.0 = Debug|Any CPU
		{A9AFF0F6-31F6-420E-BDAD-01E9B7E34783}.Release|Any CPU.ActiveCfg = Release|Any CPU
		{A9AFF0F6-31F6-420E-BDAD-01E9B7E34783}.Release|Any CPU.Build.0 = Release|Any CPU
		{544035F6-0626-40AA-93A8-DF73E48725C8}.Debug|Any CPU.ActiveCfg = Debug|Any CPU
		{544035F6-0626-40AA-93A8-DF73E48725C8}.Debug|Any CPU.Build.0 = Debug|Any CPU
		{544035F6-0626-40AA-93A8-DF73E48725C8}.Release|Any CPU.ActiveCfg = Release|Any CPU
		{544035F6-0626-40AA-93A8-DF73E48725C8}.Release|Any CPU.Build.0 = Release|Any CPU
		{51F9E8A2-5820-488F-989D-38F44FF62877}.Debug|Any CPU.ActiveCfg = Debug|Any CPU
		{51F9E8A2-5820-488F-989D-38F44FF62877}.Debug|Any CPU.Build.0 = Debug|Any CPU
		{51F9E8A2-5820-488F-989D-38F44FF62877}.Release|Any CPU.ActiveCfg = Release|Any CPU
		{51F9E8A2-5820-488F-989D-38F44FF62877}.Release|Any CPU.Build.0 = Release|Any CPU
		{FAC8250C-E453-4DFA-B521-FA8CB3BC9E31}.Debug|Any CPU.ActiveCfg = Debug|Any CPU
		{FAC8250C-E453-4DFA-B521-FA8CB3BC9E31}.Debug|Any CPU.Build.0 = Debug|Any CPU
		{FAC8250C-E453-4DFA-B521-FA8CB3BC9E31}.Release|Any CPU.ActiveCfg = Release|Any CPU
		{FAC8250C-E453-4DFA-B521-FA8CB3BC9E31}.Release|Any CPU.Build.0 = Release|Any CPU
		{F22D3BD6-A7C5-4EA7-ABDD-C6F55E8EA61A}.Debug|Any CPU.ActiveCfg = Debug|Any CPU
		{F22D3BD6-A7C5-4EA7-ABDD-C6F55E8EA61A}.Debug|Any CPU.Build.0 = Debug|Any CPU
		{F22D3BD6-A7C5-4EA7-ABDD-C6F55E8EA61A}.Release|Any CPU.ActiveCfg = Release|Any CPU
		{F22D3BD6-A7C5-4EA7-ABDD-C6F55E8EA61A}.Release|Any CPU.Build.0 = Release|Any CPU
		{76902E2D-C742-474D-A2F4-C62D3FF5FD50}.Debug|Any CPU.ActiveCfg = Debug|Any CPU
		{76902E2D-C742-474D-A2F4-C62D3FF5FD50}.Debug|Any CPU.Build.0 = Debug|Any CPU
		{76902E2D-C742-474D-A2F4-C62D3FF5FD50}.Release|Any CPU.ActiveCfg = Release|Any CPU
		{76902E2D-C742-474D-A2F4-C62D3FF5FD50}.Release|Any CPU.Build.0 = Release|Any CPU
		{A95F8D13-FC71-47D2-9EBD-AB57619561A8}.Debug|Any CPU.ActiveCfg = Debug|Any CPU
		{A95F8D13-FC71-47D2-9EBD-AB57619561A8}.Debug|Any CPU.Build.0 = Debug|Any CPU
		{A95F8D13-FC71-47D2-9EBD-AB57619561A8}.Release|Any CPU.ActiveCfg = Release|Any CPU
		{A95F8D13-FC71-47D2-9EBD-AB57619561A8}.Release|Any CPU.Build.0 = Release|Any CPU
		{DA1CA0E4-F727-4E70-926B-71374C5B9534}.Debug|Any CPU.ActiveCfg = Debug|Any CPU
		{DA1CA0E4-F727-4E70-926B-71374C5B9534}.Debug|Any CPU.Build.0 = Debug|Any CPU
		{DA1CA0E4-F727-4E70-926B-71374C5B9534}.Release|Any CPU.ActiveCfg = Release|Any CPU
		{DA1CA0E4-F727-4E70-926B-71374C5B9534}.Release|Any CPU.Build.0 = Release|Any CPU
		{E1DC3EBE-CEC4-442F-BC83-5DAA7B63C15F}.Debug|Any CPU.ActiveCfg = Debug|Any CPU
		{E1DC3EBE-CEC4-442F-BC83-5DAA7B63C15F}.Debug|Any CPU.Build.0 = Debug|Any CPU
		{E1DC3EBE-CEC4-442F-BC83-5DAA7B63C15F}.Release|Any CPU.ActiveCfg = Release|Any CPU
		{E1DC3EBE-CEC4-442F-BC83-5DAA7B63C15F}.Release|Any CPU.Build.0 = Release|Any CPU
		{1623DB86-51BB-4121-9123-FA11DE29D3E0}.Debug|Any CPU.ActiveCfg = Debug|Any CPU
		{1623DB86-51BB-4121-9123-FA11DE29D3E0}.Debug|Any CPU.Build.0 = Debug|Any CPU
		{1623DB86-51BB-4121-9123-FA11DE29D3E0}.Release|Any CPU.ActiveCfg = Release|Any CPU
		{1623DB86-51BB-4121-9123-FA11DE29D3E0}.Release|Any CPU.Build.0 = Release|Any CPU
		{EE88D7E4-C41B-4D50-B06D-D4CD57E19EA7}.Debug|Any CPU.ActiveCfg = Debug|Any CPU
		{EE88D7E4-C41B-4D50-B06D-D4CD57E19EA7}.Debug|Any CPU.Build.0 = Debug|Any CPU
		{EE88D7E4-C41B-4D50-B06D-D4CD57E19EA7}.Release|Any CPU.ActiveCfg = Release|Any CPU
		{EE88D7E4-C41B-4D50-B06D-D4CD57E19EA7}.Release|Any CPU.Build.0 = Release|Any CPU
		{5CD99B6E-1A01-4F83-ABF4-B820821790C7}.Debug|Any CPU.ActiveCfg = Debug|Any CPU
		{5CD99B6E-1A01-4F83-ABF4-B820821790C7}.Debug|Any CPU.Build.0 = Debug|Any CPU
		{5CD99B6E-1A01-4F83-ABF4-B820821790C7}.Release|Any CPU.ActiveCfg = Release|Any CPU
		{5CD99B6E-1A01-4F83-ABF4-B820821790C7}.Release|Any CPU.Build.0 = Release|Any CPU
		{2A1E103D-7F67-4AD6-985A-FD9659EA0FE9}.Debug|Any CPU.ActiveCfg = Debug|Any CPU
		{2A1E103D-7F67-4AD6-985A-FD9659EA0FE9}.Debug|Any CPU.Build.0 = Debug|Any CPU
		{2A1E103D-7F67-4AD6-985A-FD9659EA0FE9}.Release|Any CPU.ActiveCfg = Release|Any CPU
		{2A1E103D-7F67-4AD6-985A-FD9659EA0FE9}.Release|Any CPU.Build.0 = Release|Any CPU
		{A001DE2E-D51B-478D-94D4-6261AFBBFBF5}.Debug|Any CPU.ActiveCfg = Debug|Any CPU
		{A001DE2E-D51B-478D-94D4-6261AFBBFBF5}.Debug|Any CPU.Build.0 = Debug|Any CPU
		{A001DE2E-D51B-478D-94D4-6261AFBBFBF5}.Release|Any CPU.ActiveCfg = Release|Any CPU
		{A001DE2E-D51B-478D-94D4-6261AFBBFBF5}.Release|Any CPU.Build.0 = Release|Any CPU
	EndGlobalSection
	GlobalSection(SolutionProperties) = preSolution
		HideSolutionNode = FALSE
	EndGlobalSection
	GlobalSection(ExtensibilityGlobals) = postSolution
		SolutionGuid = {2C6C3598-847E-4E1F-9F5A-A457F6C95D43}
	EndGlobalSection
EndGlobal
